// !$*UTF8*$!
{
	archiveVersion = 1;
	classes = {
	};
	objectVersion = 46;
	objects = {

/* Begin PBXBuildFile section */
		BA002E711B3C7E7200062D04 /* grammar.tab.cpp in Sources */ = {isa = PBXBuildFile; fileRef = BA002E701B3C7E7200062D04 /* grammar.tab.cpp */; };
		BA002E741B3C7E8500062D04 /* scanner.cpp in Sources */ = {isa = PBXBuildFile; fileRef = BA002E731B3C7E8500062D04 /* scanner.cpp */; };
		BA1432CF1B3F8B7F00F3FD62 /* Symbol.cpp in Sources */ = {isa = PBXBuildFile; fileRef = BA1432CD1B3F8B7F00F3FD62 /* Symbol.cpp */; };
		BA1432D31B3FB05900F3FD62 /* Interpreter.cpp in Sources */ = {isa = PBXBuildFile; fileRef = BA1432D11B3FB05900F3FD62 /* Interpreter.cpp */; };
		BA1432D61B3FC8F700F3FD62 /* LineBuffer.cpp in Sources */ = {isa = PBXBuildFile; fileRef = BA1432D41B3FC8F700F3FD62 /* LineBuffer.cpp */; };
		BA1432D91B40985400F3FD62 /* RegEx.cpp in Sources */ = {isa = PBXBuildFile; fileRef = BA1432D71B40985400F3FD62 /* RegEx.cpp */; };
		BA1432DE1B4187AE00F3FD62 /* StringRef.cpp in Sources */ = {isa = PBXBuildFile; fileRef = BA1432DD1B4187AE00F3FD62 /* StringRef.cpp */; };
		BA902DE51B3BD305005F4774 /* main.cpp in Sources */ = {isa = PBXBuildFile; fileRef = BA902DE41B3BD305005F4774 /* main.cpp */; };
		BA902DEF1B3C3372005F4774 /* Parser.cpp in Sources */ = {isa = PBXBuildFile; fileRef = BA902DEE1B3C3372005F4774 /* Parser.cpp */; };
		BA902DF21B3C338C005F4774 /* AST.cpp in Sources */ = {isa = PBXBuildFile; fileRef = BA902DF01B3C338C005F4774 /* AST.cpp */; };
		BAC9BE4E1C1CC63B00463501 /* BuiltinCalls.cpp in Sources */ = {isa = PBXBuildFile; fileRef = BAC9BE4C1C1CC63B00463501 /* BuiltinCalls.cpp */; };
/* End PBXBuildFile section */

/* Begin PBXBuildRule section */
		BA902DF51B3C3519005F4774 /* PBXBuildRule */ = {
			isa = PBXBuildRule;
			compilerSpec = com.apple.compilers.lex;
			filePatterns = "*.lxx";
			fileType = pattern.proxy;
			isEditable = 1;
			outputFiles = (
				"$(DERIVED_FILE_DIR)/lex.yy.cc",
			);
			script = "flex++ scanner.lxx";
		};
/* End PBXBuildRule section */

/* Begin PBXCopyFilesBuildPhase section */
		BA902DDF1B3BD305005F4774 /* CopyFiles */ = {
			isa = PBXCopyFilesBuildPhase;
			buildActionMask = 2147483647;
			dstPath = /usr/share/man/man1/;
			dstSubfolderSpec = 0;
			files = (
			);
			runOnlyForDeploymentPostprocessing = 1;
		};
/* End PBXCopyFilesBuildPhase section */

/* Begin PBXFileReference section */
		BA002E701B3C7E7200062D04 /* grammar.tab.cpp */ = {isa = PBXFileReference; fileEncoding = 4; lastKnownFileType = sourcecode.cpp.cpp; path = grammar.tab.cpp; sourceTree = "<group>"; };
		BA002E721B3C7E7900062D04 /* grammar.tab.hpp */ = {isa = PBXFileReference; fileEncoding = 4; lastKnownFileType = sourcecode.cpp.h; path = grammar.tab.hpp; sourceTree = "<group>"; };
		BA002E731B3C7E8500062D04 /* scanner.cpp */ = {isa = PBXFileReference; fileEncoding = 4; lastKnownFileType = sourcecode.cpp.cpp; path = scanner.cpp; sourceTree = "<group>"; };
		BA1432CC1B3EEB5700F3FD62 /* Scanner.h */ = {isa = PBXFileReference; fileEncoding = 4; lastKnownFileType = sourcecode.c.h; path = Scanner.h; sourceTree = "<group>"; };
		BA1432CD1B3F8B7F00F3FD62 /* Symbol.cpp */ = {isa = PBXFileReference; fileEncoding = 4; lastKnownFileType = sourcecode.cpp.cpp; path = Symbol.cpp; sourceTree = "<group>"; };
		BA1432CE1B3F8B7F00F3FD62 /* Symbol.h */ = {isa = PBXFileReference; fileEncoding = 4; lastKnownFileType = sourcecode.c.h; path = Symbol.h; sourceTree = "<group>"; };
		BA1432D01B3FACF400F3FD62 /* Notes.rtf */ = {isa = PBXFileReference; fileEncoding = 4; lastKnownFileType = text.rtf; path = Notes.rtf; sourceTree = "<group>"; };
		BA1432D11B3FB05900F3FD62 /* Interpreter.cpp */ = {isa = PBXFileReference; fileEncoding = 4; lastKnownFileType = sourcecode.cpp.cpp; path = Interpreter.cpp; sourceTree = "<group>"; };
		BA1432D21B3FB05900F3FD62 /* Interpreter.h */ = {isa = PBXFileReference; fileEncoding = 4; lastKnownFileType = sourcecode.c.h; path = Interpreter.h; sourceTree = "<group>"; };
		BA1432D41B3FC8F700F3FD62 /* LineBuffer.cpp */ = {isa = PBXFileReference; fileEncoding = 4; lastKnownFileType = sourcecode.cpp.cpp; path = LineBuffer.cpp; sourceTree = "<group>"; };
		BA1432D51B3FC8F700F3FD62 /* LineBuffer.h */ = {isa = PBXFileReference; fileEncoding = 4; lastKnownFileType = sourcecode.c.h; path = LineBuffer.h; sourceTree = "<group>"; };
		BA1432D71B40985400F3FD62 /* RegEx.cpp */ = {isa = PBXFileReference; fileEncoding = 4; lastKnownFileType = sourcecode.cpp.cpp; path = RegEx.cpp; sourceTree = "<group>"; };
		BA1432D81B40985400F3FD62 /* RegEx.h */ = {isa = PBXFileReference; fileEncoding = 4; lastKnownFileType = sourcecode.c.h; path = RegEx.h; sourceTree = "<group>"; };
		BA1432DA1B40A1D800F3FD62 /* StringRef.h */ = {isa = PBXFileReference; lastKnownFileType = sourcecode.c.h; path = StringRef.h; sourceTree = "<group>"; };
		BA1432DD1B4187AE00F3FD62 /* StringRef.cpp */ = {isa = PBXFileReference; fileEncoding = 4; lastKnownFileType = sourcecode.cpp.cpp; path = StringRef.cpp; sourceTree = "<group>"; };
		BA902DE11B3BD305005F4774 /* rsed */ = {isa = PBXFileReference; explicitFileType = "compiled.mach-o.executable"; includeInIndex = 0; path = rsed; sourceTree = BUILT_PRODUCTS_DIR; };
		BA902DE41B3BD305005F4774 /* main.cpp */ = {isa = PBXFileReference; lastKnownFileType = sourcecode.cpp.cpp; path = main.cpp; sourceTree = "<group>"; };
		BA902DEC1B3BD54D005F4774 /* cxxopts.hpp */ = {isa = PBXFileReference; fileEncoding = 4; lastKnownFileType = sourcecode.cpp.h; name = cxxopts.hpp; path = ../cxxopts/src/cxxopts.hpp; sourceTree = "<group>"; };
		BA902DED1B3C334E005F4774 /* Parser.h */ = {isa = PBXFileReference; lastKnownFileType = sourcecode.c.h; path = Parser.h; sourceTree = "<group>"; };
		BA902DEE1B3C3372005F4774 /* Parser.cpp */ = {isa = PBXFileReference; fileEncoding = 4; lastKnownFileType = sourcecode.cpp.cpp; path = Parser.cpp; sourceTree = "<group>"; };
		BA902DF01B3C338C005F4774 /* AST.cpp */ = {isa = PBXFileReference; fileEncoding = 4; lastKnownFileType = sourcecode.cpp.cpp; path = AST.cpp; sourceTree = "<group>"; };
		BA902DF11B3C338C005F4774 /* AST.h */ = {isa = PBXFileReference; fileEncoding = 4; lastKnownFileType = sourcecode.c.h; path = AST.h; sourceTree = "<group>"; };
		BA902DF31B3C33FB005F4774 /* rsed.h */ = {isa = PBXFileReference; lastKnownFileType = sourcecode.c.h; path = rsed.h; sourceTree = "<group>"; };
		BAC9BE4C1C1CC63B00463501 /* BuiltinCalls.cpp */ = {isa = PBXFileReference; fileEncoding = 4; lastKnownFileType = sourcecode.cpp.cpp; path = BuiltinCalls.cpp; sourceTree = "<group>"; };
		BAC9BE4D1C1CC63B00463501 /* BuiltinCalls.hpp */ = {isa = PBXFileReference; fileEncoding = 4; lastKnownFileType = sourcecode.cpp.h; path = BuiltinCalls.hpp; sourceTree = "<group>"; };
/* End PBXFileReference section */

/* Begin PBXFrameworksBuildPhase section */
		BA902DDE1B3BD305005F4774 /* Frameworks */ = {
			isa = PBXFrameworksBuildPhase;
			buildActionMask = 2147483647;
			files = (
			);
			runOnlyForDeploymentPostprocessing = 0;
		};
/* End PBXFrameworksBuildPhase section */

/* Begin PBXGroup section */
		BA902DD81B3BD305005F4774 = {
			isa = PBXGroup;
			children = (
				BA902DEC1B3BD54D005F4774 /* cxxopts.hpp */,
				BA902DE31B3BD305005F4774 /* rsed */,
				BA902DE21B3BD305005F4774 /* Products */,
			);
			sourceTree = "<group>";
		};
		BA902DE21B3BD305005F4774 /* Products */ = {
			isa = PBXGroup;
			children = (
				BA902DE11B3BD305005F4774 /* rsed */,
			);
			name = Products;
			sourceTree = "<group>";
		};
		BA902DE31B3BD305005F4774 /* rsed */ = {
			isa = PBXGroup;
			children = (
				BA902DF01B3C338C005F4774 /* AST.cpp */,
				BA902DF11B3C338C005F4774 /* AST.h */,
				BA002E701B3C7E7200062D04 /* grammar.tab.cpp */,
				BA002E721B3C7E7900062D04 /* grammar.tab.hpp */,
				BA1432D11B3FB05900F3FD62 /* Interpreter.cpp */,
				BA1432D21B3FB05900F3FD62 /* Interpreter.h */,
				BA1432D41B3FC8F700F3FD62 /* LineBuffer.cpp */,
				BA1432D51B3FC8F700F3FD62 /* LineBuffer.h */,
				BA902DE41B3BD305005F4774 /* main.cpp */,
				BA1432D01B3FACF400F3FD62 /* Notes.rtf */,
				BA902DEE1B3C3372005F4774 /* Parser.cpp */,
				BA902DED1B3C334E005F4774 /* Parser.h */,
				BA1432D71B40985400F3FD62 /* RegEx.cpp */,
				BA1432D81B40985400F3FD62 /* RegEx.h */,
				BA902DF31B3C33FB005F4774 /* rsed.h */,
				BA002E731B3C7E8500062D04 /* scanner.cpp */,
				BA1432CC1B3EEB5700F3FD62 /* Scanner.h */,
				BA1432DD1B4187AE00F3FD62 /* StringRef.cpp */,
				BA1432DA1B40A1D800F3FD62 /* StringRef.h */,
				BA1432CD1B3F8B7F00F3FD62 /* Symbol.cpp */,
				BA1432CE1B3F8B7F00F3FD62 /* Symbol.h */,
				BAC9BE4C1C1CC63B00463501 /* BuiltinCalls.cpp */,
				BAC9BE4D1C1CC63B00463501 /* BuiltinCalls.hpp */,
			);
			path = rsed;
			sourceTree = "<group>";
		};
/* End PBXGroup section */

/* Begin PBXNativeTarget section */
		BA902DE01B3BD305005F4774 /* rsed */ = {
			isa = PBXNativeTarget;
			buildConfigurationList = BA902DE81B3BD305005F4774 /* Build configuration list for PBXNativeTarget "rsed" */;
			buildPhases = (
				BA902DDD1B3BD305005F4774 /* Sources */,
				BA902DDE1B3BD305005F4774 /* Frameworks */,
				BA902DDF1B3BD305005F4774 /* CopyFiles */,
			);
			buildRules = (
				BA902DF51B3C3519005F4774 /* PBXBuildRule */,
			);
			dependencies = (
			);
			name = rsed;
			productName = rsed;
			productReference = BA902DE11B3BD305005F4774 /* rsed */;
			productType = "com.apple.product-type.tool";
		};
/* End PBXNativeTarget section */

/* Begin PBXProject section */
		BA902DD91B3BD305005F4774 /* Project object */ = {
			isa = PBXProject;
			attributes = {
				LastUpgradeCheck = 0710;
				ORGANIZATIONNAME = "David Callahan";
				TargetAttributes = {
					BA902DE01B3BD305005F4774 = {
						CreatedOnToolsVersion = 6.3;
					};
				};
			};
			buildConfigurationList = BA902DDC1B3BD305005F4774 /* Build configuration list for PBXProject "rsed" */;
			compatibilityVersion = "Xcode 3.2";
			developmentRegion = English;
			hasScannedForEncodings = 0;
			knownRegions = (
				en,
			);
			mainGroup = BA902DD81B3BD305005F4774;
			productRefGroup = BA902DE21B3BD305005F4774 /* Products */;
			projectDirPath = "";
			projectRoot = "";
			targets = (
				BA902DE01B3BD305005F4774 /* rsed */,
			);
		};
/* End PBXProject section */

/* Begin PBXSourcesBuildPhase section */
		BA902DDD1B3BD305005F4774 /* Sources */ = {
			isa = PBXSourcesBuildPhase;
			buildActionMask = 2147483647;
			files = (
				BA002E711B3C7E7200062D04 /* grammar.tab.cpp in Sources */,
				BA902DF21B3C338C005F4774 /* AST.cpp in Sources */,
				BA1432DE1B4187AE00F3FD62 /* StringRef.cpp in Sources */,
				BAC9BE4E1C1CC63B00463501 /* BuiltinCalls.cpp in Sources */,
				BA902DEF1B3C3372005F4774 /* Parser.cpp in Sources */,
				BA902DE51B3BD305005F4774 /* main.cpp in Sources */,
				BA002E741B3C7E8500062D04 /* scanner.cpp in Sources */,
				BA1432D61B3FC8F700F3FD62 /* LineBuffer.cpp in Sources */,
				BA1432D31B3FB05900F3FD62 /* Interpreter.cpp in Sources */,
				BA1432CF1B3F8B7F00F3FD62 /* Symbol.cpp in Sources */,
				BA1432D91B40985400F3FD62 /* RegEx.cpp in Sources */,
			);
			runOnlyForDeploymentPostprocessing = 0;
		};
/* End PBXSourcesBuildPhase section */

/* Begin XCBuildConfiguration section */
		BA902DE61B3BD305005F4774 /* Debug */ = {
			isa = XCBuildConfiguration;
			buildSettings = {
				ALWAYS_SEARCH_USER_PATHS = NO;
				CLANG_CXX_LANGUAGE_STANDARD = "gnu++0x";
				CLANG_CXX_LIBRARY = "libc++";
				CLANG_ENABLE_MODULES = YES;
				CLANG_ENABLE_OBJC_ARC = YES;
				CLANG_WARN_BOOL_CONVERSION = YES;
				CLANG_WARN_CONSTANT_CONVERSION = YES;
				CLANG_WARN_DIRECT_OBJC_ISA_USAGE = YES_ERROR;
				CLANG_WARN_EMPTY_BODY = YES;
				CLANG_WARN_ENUM_CONVERSION = YES;
				CLANG_WARN_INT_CONVERSION = YES;
				CLANG_WARN_OBJC_ROOT_CLASS = YES_ERROR;
				CLANG_WARN_UNREACHABLE_CODE = YES;
				CLANG_WARN__DUPLICATE_METHOD_MATCH = YES;
				COPY_PHASE_STRIP = NO;
				DEBUG_INFORMATION_FORMAT = dwarf;
				ENABLE_STRICT_OBJC_MSGSEND = YES;
				ENABLE_TESTABILITY = YES;
				GCC_C_LANGUAGE_STANDARD = gnu99;
				GCC_DYNAMIC_NO_PIC = NO;
				GCC_NO_COMMON_BLOCKS = YES;
				GCC_OPTIMIZATION_LEVEL = 0;
				GCC_PREPROCESSOR_DEFINITIONS = (
					"DEBUG=1",
					"$(inherited)",
				);
				GCC_SYMBOLS_PRIVATE_EXTERN = NO;
				GCC_WARN_64_TO_32_BIT_CONVERSION = YES;
				GCC_WARN_ABOUT_RETURN_TYPE = YES_ERROR;
				GCC_WARN_UNDECLARED_SELECTOR = YES;
				GCC_WARN_UNINITIALIZED_AUTOS = YES_AGGRESSIVE;
				GCC_WARN_UNUSED_FUNCTION = YES;
				GCC_WARN_UNUSED_VARIABLE = YES;
				MACOSX_DEPLOYMENT_TARGET = 10.10;
				MTL_ENABLE_DEBUG_INFO = YES;
				ONLY_ACTIVE_ARCH = YES;
				SDKROOT = macosx;
			};
			name = Debug;
		};
		BA902DE71B3BD305005F4774 /* Release */ = {
			isa = XCBuildConfiguration;
			buildSettings = {
				ALWAYS_SEARCH_USER_PATHS = NO;
				CLANG_CXX_LANGUAGE_STANDARD = "gnu++0x";
				CLANG_CXX_LIBRARY = "libc++";
				CLANG_ENABLE_MODULES = YES;
				CLANG_ENABLE_OBJC_ARC = YES;
				CLANG_WARN_BOOL_CONVERSION = YES;
				CLANG_WARN_CONSTANT_CONVERSION = YES;
				CLANG_WARN_DIRECT_OBJC_ISA_USAGE = YES_ERROR;
				CLANG_WARN_EMPTY_BODY = YES;
				CLANG_WARN_ENUM_CONVERSION = YES;
				CLANG_WARN_INT_CONVERSION = YES;
				CLANG_WARN_OBJC_ROOT_CLASS = YES_ERROR;
				CLANG_WARN_UNREACHABLE_CODE = YES;
				CLANG_WARN__DUPLICATE_METHOD_MATCH = YES;
				COPY_PHASE_STRIP = NO;
				DEBUG_INFORMATION_FORMAT = "dwarf-with-dsym";
				ENABLE_NS_ASSERTIONS = NO;
				ENABLE_STRICT_OBJC_MSGSEND = YES;
				GCC_C_LANGUAGE_STANDARD = gnu99;
				GCC_NO_COMMON_BLOCKS = YES;
				GCC_WARN_64_TO_32_BIT_CONVERSION = YES;
				GCC_WARN_ABOUT_RETURN_TYPE = YES_ERROR;
				GCC_WARN_UNDECLARED_SELECTOR = YES;
				GCC_WARN_UNINITIALIZED_AUTOS = YES_AGGRESSIVE;
				GCC_WARN_UNUSED_FUNCTION = YES;
				GCC_WARN_UNUSED_VARIABLE = YES;
				MACOSX_DEPLOYMENT_TARGET = 10.10;
				MTL_ENABLE_DEBUG_INFO = NO;
				SDKROOT = macosx;
			};
			name = Release;
		};
		BA902DE91B3BD305005F4774 /* Debug */ = {
			isa = XCBuildConfiguration;
			buildSettings = {
				PRODUCT_NAME = "$(TARGET_NAME)";
			};
			name = Debug;
		};
		BA902DEA1B3BD305005F4774 /* Release */ = {
			isa = XCBuildConfiguration;
			buildSettings = {
				PRODUCT_NAME = "$(TARGET_NAME)";
			};
			name = Release;
		};
/* End XCBuildConfiguration section */

/* Begin XCConfigurationList section */
		BA902DDC1B3BD305005F4774 /* Build configuration list for PBXProject "rsed" */ = {
			isa = XCConfigurationList;
			buildConfigurations = (
				BA902DE61B3BD305005F4774 /* Debug */,
				BA902DE71B3BD305005F4774 /* Release */,
			);
			defaultConfigurationIsVisible = 0;
			defaultConfigurationName = Release;
		};
		BA902DE81B3BD305005F4774 /* Build configuration list for PBXNativeTarget "rsed" */ = {
			isa = XCConfigurationList;
			buildConfigurations = (
				BA902DE91B3BD305005F4774 /* Debug */,
				BA902DEA1B3BD305005F4774 /* Release */,
			);
			defaultConfigurationIsVisible = 0;
			defaultConfigurationName = Release;
		};
/* End XCConfigurationList section */
	};
	rootObject = BA902DD91B3BD305005F4774 /* Project object */;
}
